
Microsoft Visual Studio Solution File, Format Version 12.00
# Visual Studio Version 17
VisualStudioVersion = 17.5.33530.505
MinimumVisualStudioVersion = 10.0.40219.1
Project("{FAE04EC0-301F-11D3-BF4B-00C04F79EFBC}") = "DUTYFREE", "DUTYFREE\DUTYFREE.csproj", "{DA2CDCF7-6446-4FCD-B383-CC614A23A197}"
EndProject
Global
	GlobalSection(SolutionConfigurationPlatforms) = preSolution
		Debug|Any CPU = Debug|Any CPU
		Release|Any CPU = Release|Any CPU
	EndGlobalSection
	GlobalSection(ProjectConfigurationPlatforms) = postSolution
		{DA2CDCF7-6446-4FCD-B383-CC614A23A197}.Debug|Any CPU.ActiveCfg = Debug|Any CPU
		{DA2CDCF7-6446-4FCD-B383-CC614A23A197}.Debug|Any CPU.Build.0 = Debug|Any CPU
		{DA2CDCF7-6446-4FCD-B383-CC614A23A197}.Release|Any CPU.ActiveCfg = Release|Any CPU
		{DA2CDCF7-6446-4FCD-B383-CC614A23A197}.Release|Any CPU.Build.0 = Release|Any CPU
	EndGlobalSection
	GlobalSection(SolutionProperties) = preSolution
		HideSolutionNode = FALSE
	EndGlobalSection
	GlobalSection(ExtensibilityGlobals) = postSolution
		SolutionGuid = {DAA3F572-B536-4FE2-A5EE-A5AE941A787D}
	EndGlobalSection
EndGlobal
