
Microsoft Visual Studio Solution File, Format Version 12.00
# Visual Studio Version 17
VisualStudioVersion = 17.5.33530.505
MinimumVisualStudioVersion = 10.0.40219.1
Project("{9A19103F-16F7-4668-BE54-9A1E7A4F7556}") = "DUTYFREE", "DUTYFREE\DUTYFREE.csproj", "{DA2CDCF7-6446-4FCD-B383-CC614A23A197}"
EndProject
Project("{00D1A9C2-B5F0-4AF3-8072-F6C62B433612}") = "DUTYFREE.DB", "DUTYFREE.DB\DUTYFREE.DB.sqlproj", "{C8CE64F1-E7F7-473F-A8D3-909557ED8A30}"
EndProject
Global
	GlobalSection(SolutionConfigurationPlatforms) = preSolution
		Debug|Any CPU = Debug|Any CPU
		Release|Any CPU = Release|Any CPU
	EndGlobalSection
	GlobalSection(ProjectConfigurationPlatforms) = postSolution
		{DA2CDCF7-6446-4FCD-B383-CC614A23A197}.Debug|Any CPU.ActiveCfg = Debug|Any CPU
		{DA2CDCF7-6446-4FCD-B383-CC614A23A197}.Debug|Any CPU.Build.0 = Debug|Any CPU
		{DA2CDCF7-6446-4FCD-B383-CC614A23A197}.Release|Any CPU.ActiveCfg = Release|Any CPU
		{DA2CDCF7-6446-4FCD-B383-CC614A23A197}.Release|Any CPU.Build.0 = Release|Any CPU
		{C8CE64F1-E7F7-473F-A8D3-909557ED8A30}.Debug|Any CPU.ActiveCfg = Debug|Any CPU
		{C8CE64F1-E7F7-473F-A8D3-909557ED8A30}.Debug|Any CPU.Build.0 = Debug|Any CPU
		{C8CE64F1-E7F7-473F-A8D3-909557ED8A30}.Debug|Any CPU.Deploy.0 = Debug|Any CPU
		{C8CE64F1-E7F7-473F-A8D3-909557ED8A30}.Release|Any CPU.ActiveCfg = Release|Any CPU
		{C8CE64F1-E7F7-473F-A8D3-909557ED8A30}.Release|Any CPU.Build.0 = Release|Any CPU
		{C8CE64F1-E7F7-473F-A8D3-909557ED8A30}.Release|Any CPU.Deploy.0 = Release|Any CPU
	EndGlobalSection
	GlobalSection(SolutionProperties) = preSolution
		HideSolutionNode = FALSE
	EndGlobalSection
	GlobalSection(ExtensibilityGlobals) = postSolution
		SolutionGuid = {DAA3F572-B536-4FE2-A5EE-A5AE941A787D}
	EndGlobalSection
EndGlobal
